schema: '2.0'
stages:
  data_ingestion:
    cmd: python -m capstone_project.src.data.data_ingestion
    deps:
    - path: capstone_project/src/data/data_ingestion.py
      hash: md5
      md5: c9959ee42da3002c4492c1b16a7a23a6
      size: 977
    outs:
    - path: capstone_project/data/raw
      hash: md5
      md5: 9b1c4ce351a72025871bff965b57de2c.dir
      size: 516645
      nfiles: 1
  data_preprocessing:
    cmd: python -m capstone_project.src.data.data_preprocess
    deps:
    - path: capstone_project/data/raw
      hash: md5
      md5: 9b1c4ce351a72025871bff965b57de2c.dir
      size: 516645
      nfiles: 1
    - path: capstone_project/src/data/data_preprocess.py
      hash: md5
      md5: 5eb9abd125f647006fb12aaa5ddc6283
      size: 1762
    params:
      params.yaml:
        data_preprocessing.test_size: 0.22
    outs:
    - path: capstone_project/data/interim
      hash: md5
      md5: 6e6f19a13c5468af2e01169aa90326ad.dir
      size: 516767
      nfiles: 2
  feature_engineering:
    cmd: python -m capstone_project.src.features.feature_engineering
    deps:
    - path: capstone_project/data/interim
      hash: md5
      md5: 6e6f19a13c5468af2e01169aa90326ad.dir
      size: 516767
      nfiles: 2
    - path: capstone_project/src/features/feature_engineering.py
      hash: md5
      md5: e74b464ac2115498825f128885a0581b
      size: 1815
    outs:
    - path: capstone_project/data/processed
      hash: md5
      md5: ae7ff7f61f1465f9d7d1d2e20f70b8a3.dir
      size: 585881
      nfiles: 2
  model_training:
    cmd: python -m capstone_project.src.model.model_training
    deps:
    - path: capstone_project/data/processed
      hash: md5
      md5: ae7ff7f61f1465f9d7d1d2e20f70b8a3.dir
      size: 585881
      nfiles: 2
    - path: capstone_project/src/model/model_training.py
      hash: md5
      md5: 583d5edf345958e79b69c6ec610df5fb
      size: 1907
    params:
      params.yaml:
        model.C: 0.1
        model.penalty: l2
        model.solver: liblinear
    outs:
    - path: capstone_project/models/model.pkl
      hash: md5
      md5: b2b2a23b7b0cd2e8b0a4a3b5c3a30b73
      size: 959
  model_evaluation:
    cmd: python -m capstone_project.src.model.model_evaluation
    deps:
    - path: capstone_project/models/model.pkl
      hash: md5
      md5: b2b2a23b7b0cd2e8b0a4a3b5c3a30b73
      size: 959
    - path: capstone_project/src/model/model_evaluation.py
      hash: md5
      md5: cb46ea21beded0030404a51d8dc28bb2
      size: 2888
    outs:
    - path: capstone_project/reports/experiment_info.json
      hash: md5
      md5: 4b1b482f3c32d57851b99905e17e1e77
      size: 82
    - path: capstone_project/reports/metrics.json
      hash: md5
      md5: fb4aeb04c984286a6cd90b7e3b4ef319
      size: 145
